
Microsoft Visual Studio Solution File, Format Version 12.00
# Visual Studio 15
VisualStudioVersion = 15.0.28010.2036
MinimumVisualStudioVersion = 10.0.40219.1
Project("{FAE04EC0-301F-11D3-BF4B-00C04F79EFBC}") = "MyDX1ToNRelatuinship", "MyDX1ToNRelatuinship\MyDX1ToNRelatuinship.csproj", "{21C62F90-D795-4FF4-9A93-919D5E991610}"
EndProject
Global
	GlobalSection(SolutionConfigurationPlatforms) = preSolution
		Debug|Any CPU = Debug|Any CPU
		Release|Any CPU = Release|Any CPU
	EndGlobalSection
	GlobalSection(ProjectConfigurationPlatforms) = postSolution
		{21C62F90-D795-4FF4-9A93-919D5E991610}.Debug|Any CPU.ActiveCfg = Debug|Any CPU
		{21C62F90-D795-4FF4-9A93-919D5E991610}.Debug|Any CPU.Build.0 = Debug|Any CPU
		{21C62F90-D795-4FF4-9A93-919D5E991610}.Release|Any CPU.ActiveCfg = Release|Any CPU
		{21C62F90-D795-4FF4-9A93-919D5E991610}.Release|Any CPU.Build.0 = Release|Any CPU
	EndGlobalSection
	GlobalSection(SolutionProperties) = preSolution
		HideSolutionNode = FALSE
	EndGlobalSection
	GlobalSection(ExtensibilityGlobals) = postSolution
		SolutionGuid = {0E70FA8F-492F-44EF-8941-5C69FDBA6AAF}
	EndGlobalSection
EndGlobal
